
Microsoft Visual Studio Solution File, Format Version 12.00
# Visual Studio Version 16
VisualStudioVersion = 16.0.31729.503
MinimumVisualStudioVersion = 10.0.40219.1
Project("{FAE04EC0-301F-11D3-BF4B-00C04F79EFBC}") = "Ponomareva_Olga_PRI_119_KP", "Ponomareva_Olga_PRI_119_KP\Ponomareva_Olga_PRI_119_KP.csproj", "{2BD0D09B-1C62-4C27-A51E-56C260674F57}"
EndProject
Global
	GlobalSection(SolutionConfigurationPlatforms) = preSolution
		Debug|Any CPU = Debug|Any CPU
		Release|Any CPU = Release|Any CPU
	EndGlobalSection
	GlobalSection(ProjectConfigurationPlatforms) = postSolution
		{2BD0D09B-1C62-4C27-A51E-56C260674F57}.Debug|Any CPU.ActiveCfg = Debug|Any CPU
		{2BD0D09B-1C62-4C27-A51E-56C260674F57}.Debug|Any CPU.Build.0 = Debug|Any CPU
		{2BD0D09B-1C62-4C27-A51E-56C260674F57}.Release|Any CPU.ActiveCfg = Release|Any CPU
		{2BD0D09B-1C62-4C27-A51E-56C260674F57}.Release|Any CPU.Build.0 = Release|Any CPU
	EndGlobalSection
	GlobalSection(SolutionProperties) = preSolution
		HideSolutionNode = FALSE
	EndGlobalSection
	GlobalSection(ExtensibilityGlobals) = postSolution
		SolutionGuid = {3CA5C96B-8009-4CE0-A272-311F7A4DE8CB}
	EndGlobalSection
EndGlobal
